
Microsoft Visual Studio Solution File, Format Version 12.00
# Visual Studio Version 17
VisualStudioVersion = 17.14.36414.22
MinimumVisualStudioVersion = 10.0.40219.1
Project("{FAE04EC0-301F-11D3-BF4B-00C04F79EFBC}") = "Lab # 1", "Lab # 1\Lab # 1.csproj", "{4B2C654D-4ACF-4F9A-B793-5039059E94E3}"
EndProject
Project("{FAE04EC0-301F-11D3-BF4B-00C04F79EFBC}") = "WindowsFormsApp1", "WindowsFormsApp1\WindowsFormsApp1.csproj", "{A39CC619-20CE-406E-8C71-4D64334CC69F}"
EndProject
Project("{FAE04EC0-301F-11D3-BF4B-00C04F79EFBC}") = "WpfApp1", "WpfApp1\WpfApp1.csproj", "{26566DA8-4F74-4159-9151-7F828AF83C0C}"
EndProject
Project("{FAE04EC0-301F-11D3-BF4B-00C04F79EFBC}") = "Lab # 2 Console", "Lab # 2 Console\Lab # 2 Console.csproj", "{B50767C3-489C-432F-B8A3-43E13953DE79}"
EndProject
Project("{FAE04EC0-301F-11D3-BF4B-00C04F79EFBC}") = "Lab 2 GUI", "Lab 2 GUI\Lab 2 GUI.csproj", "{D80695EB-06F1-42B0-9FE6-3D91CD38BEF7}"
EndProject
Project("{FAE04EC0-301F-11D3-BF4B-00C04F79EFBC}") = "Lab 3 Console", "Lab 3 Console\Lab 3 Console.csproj", "{E41A45EB-54B0-43A7-BC5E-7DD3283BA033}"
EndProject
Project("{FAE04EC0-301F-11D3-BF4B-00C04F79EFBC}") = "Lab3Gui", "Lab3Gui\Lab3Gui.csproj", "{8D9063F1-3A7E-4667-B744-61F1362D3C2A}"
EndProject
Project("{FAE04EC0-301F-11D3-BF4B-00C04F79EFBC}") = "Lab4", "Lab4\Lab4.csproj", "{A582F970-6D37-45AD-8B3A-27315CB9E6F5}"
EndProject
Project("{FAE04EC0-301F-11D3-BF4B-00C04F79EFBC}") = "Lab5", "Lab5\Lab5.csproj", "{22568C60-A4DD-475A-9FF3-8E9EA0370DCE}"
EndProject
Project("{FAE04EC0-301F-11D3-BF4B-00C04F79EFBC}") = "Lab6", "Lab6\Lab6.csproj", "{A88571BD-6B01-4659-92FA-AB1185CFE4A6}"
EndProject
Global
	GlobalSection(SolutionConfigurationPlatforms) = preSolution
		Debug|Any CPU = Debug|Any CPU
		Release|Any CPU = Release|Any CPU
	EndGlobalSection
	GlobalSection(ProjectConfigurationPlatforms) = postSolution
		{4B2C654D-4ACF-4F9A-B793-5039059E94E3}.Debug|Any CPU.ActiveCfg = Debug|Any CPU
		{4B2C654D-4ACF-4F9A-B793-5039059E94E3}.Debug|Any CPU.Build.0 = Debug|Any CPU
		{4B2C654D-4ACF-4F9A-B793-5039059E94E3}.Release|Any CPU.ActiveCfg = Release|Any CPU
		{4B2C654D-4ACF-4F9A-B793-5039059E94E3}.Release|Any CPU.Build.0 = Release|Any CPU
		{A39CC619-20CE-406E-8C71-4D64334CC69F}.Debug|Any CPU.ActiveCfg = Debug|Any CPU
		{A39CC619-20CE-406E-8C71-4D64334CC69F}.Debug|Any CPU.Build.0 = Debug|Any CPU
		{A39CC619-20CE-406E-8C71-4D64334CC69F}.Release|Any CPU.ActiveCfg = Release|Any CPU
		{A39CC619-20CE-406E-8C71-4D64334CC69F}.Release|Any CPU.Build.0 = Release|Any CPU
		{26566DA8-4F74-4159-9151-7F828AF83C0C}.Debug|Any CPU.ActiveCfg = Debug|Any CPU
		{26566DA8-4F74-4159-9151-7F828AF83C0C}.Debug|Any CPU.Build.0 = Debug|Any CPU
		{26566DA8-4F74-4159-9151-7F828AF83C0C}.Release|Any CPU.ActiveCfg = Release|Any CPU
		{26566DA8-4F74-4159-9151-7F828AF83C0C}.Release|Any CPU.Build.0 = Release|Any CPU
		{B50767C3-489C-432F-B8A3-43E13953DE79}.Debug|Any CPU.ActiveCfg = Debug|Any CPU
		{B50767C3-489C-432F-B8A3-43E13953DE79}.Debug|Any CPU.Build.0 = Debug|Any CPU
		{B50767C3-489C-432F-B8A3-43E13953DE79}.Release|Any CPU.ActiveCfg = Release|Any CPU
		{B50767C3-489C-432F-B8A3-43E13953DE79}.Release|Any CPU.Build.0 = Release|Any CPU
		{D80695EB-06F1-42B0-9FE6-3D91CD38BEF7}.Debug|Any CPU.ActiveCfg = Debug|Any CPU
		{D80695EB-06F1-42B0-9FE6-3D91CD38BEF7}.Debug|Any CPU.Build.0 = Debug|Any CPU
		{D80695EB-06F1-42B0-9FE6-3D91CD38BEF7}.Release|Any CPU.ActiveCfg = Release|Any CPU
		{D80695EB-06F1-42B0-9FE6-3D91CD38BEF7}.Release|Any CPU.Build.0 = Release|Any CPU
		{E41A45EB-54B0-43A7-BC5E-7DD3283BA033}.Debug|Any CPU.ActiveCfg = Debug|Any CPU
		{E41A45EB-54B0-43A7-BC5E-7DD3283BA033}.Debug|Any CPU.Build.0 = Debug|Any CPU
		{E41A45EB-54B0-43A7-BC5E-7DD3283BA033}.Release|Any CPU.ActiveCfg = Release|Any CPU
		{E41A45EB-54B0-43A7-BC5E-7DD3283BA033}.Release|Any CPU.Build.0 = Release|Any CPU
		{8D9063F1-3A7E-4667-B744-61F1362D3C2A}.Debug|Any CPU.ActiveCfg = Debug|Any CPU
		{8D9063F1-3A7E-4667-B744-61F1362D3C2A}.Debug|Any CPU.Build.0 = Debug|Any CPU
		{8D9063F1-3A7E-4667-B744-61F1362D3C2A}.Release|Any CPU.ActiveCfg = Release|Any CPU
		{8D9063F1-3A7E-4667-B744-61F1362D3C2A}.Release|Any CPU.Build.0 = Release|Any CPU
		{A582F970-6D37-45AD-8B3A-27315CB9E6F5}.Debug|Any CPU.ActiveCfg = Debug|Any CPU
		{A582F970-6D37-45AD-8B3A-27315CB9E6F5}.Debug|Any CPU.Build.0 = Debug|Any CPU
		{A582F970-6D37-45AD-8B3A-27315CB9E6F5}.Release|Any CPU.ActiveCfg = Release|Any CPU
		{A582F970-6D37-45AD-8B3A-27315CB9E6F5}.Release|Any CPU.Build.0 = Release|Any CPU
		{22568C60-A4DD-475A-9FF3-8E9EA0370DCE}.Debug|Any CPU.ActiveCfg = Debug|Any CPU
		{22568C60-A4DD-475A-9FF3-8E9EA0370DCE}.Debug|Any CPU.Build.0 = Debug|Any CPU
		{22568C60-A4DD-475A-9FF3-8E9EA0370DCE}.Release|Any CPU.ActiveCfg = Release|Any CPU
		{22568C60-A4DD-475A-9FF3-8E9EA0370DCE}.Release|Any CPU.Build.0 = Release|Any CPU
		{A88571BD-6B01-4659-92FA-AB1185CFE4A6}.Debug|Any CPU.ActiveCfg = Debug|Any CPU
		{A88571BD-6B01-4659-92FA-AB1185CFE4A6}.Debug|Any CPU.Build.0 = Debug|Any CPU
		{A88571BD-6B01-4659-92FA-AB1185CFE4A6}.Release|Any CPU.ActiveCfg = Release|Any CPU
		{A88571BD-6B01-4659-92FA-AB1185CFE4A6}.Release|Any CPU.Build.0 = Release|Any CPU
	EndGlobalSection
	GlobalSection(SolutionProperties) = preSolution
		HideSolutionNode = FALSE
	EndGlobalSection
	GlobalSection(ExtensibilityGlobals) = postSolution
		SolutionGuid = {9B1EC909-90D7-472C-9B21-69DC94FFE69E}
	EndGlobalSection
EndGlobal
